
Microsoft Visual Studio Solution File, Format Version 12.00
# Visual Studio Version 16
VisualStudioVersion = 16.0.31205.134
MinimumVisualStudioVersion = 10.0.40219.1
Project("{FAE04EC0-301F-11D3-BF4B-00C04F79EFBC}") = "ListaAnimais", "ListaAnimais\ListaAnimais.csproj", "{A6B02F06-26FF-4E1F-B8DB-8A7106270BAD}"
EndProject
Global
	GlobalSection(SolutionConfigurationPlatforms) = preSolution
		Debug|Any CPU = Debug|Any CPU
		Release|Any CPU = Release|Any CPU
	EndGlobalSection
	GlobalSection(ProjectConfigurationPlatforms) = postSolution
		{A6B02F06-26FF-4E1F-B8DB-8A7106270BAD}.Debug|Any CPU.ActiveCfg = Debug|Any CPU
		{A6B02F06-26FF-4E1F-B8DB-8A7106270BAD}.Debug|Any CPU.Build.0 = Debug|Any CPU
		{A6B02F06-26FF-4E1F-B8DB-8A7106270BAD}.Release|Any CPU.ActiveCfg = Release|Any CPU
		{A6B02F06-26FF-4E1F-B8DB-8A7106270BAD}.Release|Any CPU.Build.0 = Release|Any CPU
	EndGlobalSection
	GlobalSection(SolutionProperties) = preSolution
		HideSolutionNode = FALSE
	EndGlobalSection
	GlobalSection(ExtensibilityGlobals) = postSolution
		SolutionGuid = {715398E5-20C6-44D9-9077-BE9E5FB49ECB}
	EndGlobalSection
EndGlobal
